<?xml version="1.0" encoding="utf-8"?>
<Project ToolsVersion="4.0" xmlns="http://schemas.microsoft.com/developer/msbuild/2003">
  <ItemGroup>
    <Filter Include="Arquivos de Origem">
      <UniqueIdentifier>{4FC737F1-C7A5-4376-A066-2A32D752A2FF}</UniqueIdentifier>
      <Extensions>cpp;c;cc;cxx;c++;cppm;ixx;def;odl;idl;hpj;bat;asm;asmx</Extensions>
    </Filter>
    <Filter Include="Arquivos de Cabeçalho">
      <UniqueIdentifier>{93995380-89BD-4b04-88EB-625FBE52EBFB}</UniqueIdentifier>
      <Extensions>h;hh;hpp;hxx;h++;hm;inl;inc;ipp;xsd</Extensions>
    </Filter>
    <Filter Include="Arquivos de Recurso">
      <UniqueIdentifier>{67DA6AB6-F800-4c08-8B7A-83BB121AAD01}</UniqueIdentifier>
      <Extensions>rc;ico;cur;bmp;dlg;rc2;rct;bin;rgs;gif;jpg;jpeg;jpe;resx;tiff;tif;png;wav;mfcribbon-ms</Extensions>
    </Filter>
  </ItemGroup>
  <ItemGroup>
    <ClInclude Include="window.h">
      <Filter>Arquivos de Recurso</Filter>
    </ClInclude>
    <ClInclude Include="windowComponents.h">
      <Filter>Arquivos de Recurso</Filter>
    </ClInclude>
    <ClInclude Include="DebugConsole.h">
      <Filter>Arquivos de Recurso</Filter>
    </ClInclude>
    <ClInclude Include="Isoreader.h">
      <Filter>Arquivos de Recurso</Filter>
    </ClInclude>
    <ClInclude Include="Unitdatascanner.h">
      <Filter>Arquivos de Recurso</Filter>
    </ClInclude>
    <ClInclude Include="Unitgroupscanner.h">
      <Filter>Arquivos de Recurso</Filter>
    </ClInclude>
    <ClInclude Include="Unitrecordreader.h">
      <Filter>Arquivos de Recurso</Filter>
    </ClInclude>
    <ClInclude Include="Referencetables.h">
      <Filter>Arquivos de Recurso</Filter>
    </ClInclude>
    <ClInclude Include="Portraitresolver.h">
      <Filter>Arquivos de Recurso</Filter>
    </ClInclude>
    <ClInclude Include="Gametables.h">
      <Filter>Arquivos de Recurso</Filter>
    </ClInclude>
    <ClInclude Include="Itemrecordreader.h">
      <Filter>Arquivos de Recurso</Filter>
    </ClInclude>
    <ClInclude Include="Itemiconresolver.h">
      <Filter>Arquivos de Recurso</Filter>
    </ClInclude>
    <ClInclude Include="Bitfieldio.h">
      <Filter>Arquivos de Recurso</Filter>
    </ClInclude>
    <ClInclude Include="Itemfieldspecs.h">
      <Filter>Arquivos de Recurso</Filter>
    </ClInclude>
    <ClInclude Include="Itemrecordwriter.h">
      <Filter>Arquivos de Recurso</Filter>
    </ClInclude>
    <ClInclude Include="Unitfieldspecs.h">
      <Filter>Arquivos de Recurso</Filter>
    </ClInclude>
    <ClInclude Include="Unitrecordwriter.h">
      <Filter>Arquivos de Recurso</Filter>
    </ClInclude>
    <ClInclude Include="Growthfieldspecs.h">
      <Filter>Arquivos de Recurso</Filter>
    </ClInclude>
    <ClInclude Include="Growthrecordreader.h">
      <Filter>Arquivos de Recurso</Filter>
    </ClInclude>
    <ClInclude Include="Growthrecordwriter.h">
      <Filter>Arquivos de Recurso</Filter>
    </ClInclude>
    <ClInclude Include="Classfieldspecs.h">
      <Filter>Arquivos de Recurso</Filter>
    </ClInclude>
    <ClInclude Include="Classrecordreader.h">
      <Filter>Arquivos de Recurso</Filter>
    </ClInclude>
    <ClInclude Include="Classrecordwriter.h">
      <Filter>Arquivos de Recurso</Filter>
    </ClInclude>
  </ItemGroup>
  <ItemGroup>
    <ClCompile Include="window.cpp">
      <Filter>Arquivos de Recurso</Filter>
    </ClCompile>
    <ClCompile Include="windowComponents.cpp">
      <Filter>Arquivos de Recurso</Filter>
    </ClCompile>
    <ClCompile Include="DebugConsole.cpp">
      <Filter>Arquivos de Recurso</Filter>
    </ClCompile>
    <ClCompile Include="Isoreader.cpp">
      <Filter>Arquivos de Recurso</Filter>
    </ClCompile>
    <ClCompile Include="Unitdatascanner.cpp">
      <Filter>Arquivos de Recurso</Filter>
    </ClCompile>
    <ClCompile Include="Unitgroupscanner.cpp">
      <Filter>Arquivos de Recurso</Filter>
    </ClCompile>
    <ClCompile Include="Unitrecordreader.cpp">
      <Filter>Arquivos de Recurso</Filter>
    </ClCompile>
    <ClCompile Include="Referencetables.cpp">
      <Filter>Arquivos de Recurso</Filter>
    </ClCompile>
    <ClCompile Include="Portraitresolver.cpp">
      <Filter>Arquivos de Recurso</Filter>
    </ClCompile>
    <ClCompile Include="Gameoffsets.h">
      <Filter>Arquivos de Recurso</Filter>
    </ClCompile>
    <ClCompile Include="Itemrecordreader.cpp">
      <Filter>Arquivos de Recurso</Filter>
    </ClCompile>
    <ClCompile Include="Itemiconresolver.cpp">
      <Filter>Arquivos de Recurso</Filter>
    </ClCompile>
    <ClCompile Include="Bitfieldio.cpp">
      <Filter>Arquivos de Recurso</Filter>
    </ClCompile>
    <ClCompile Include="Itemrecordwriter.cpp">
      <Filter>Arquivos de Recurso</Filter>
    </ClCompile>
    <ClCompile Include="Unitrecordwriter.cpp">
      <Filter>Arquivos de Recurso</Filter>
    </ClCompile>
    <ClCompile Include="Growthrecordreader.cpp">
      <Filter>Arquivos de Recurso</Filter>
    </ClCompile>
    <ClCompile Include="Growthrecordwriter.cpp">
      <Filter>Arquivos de Recurso</Filter>
    </ClCompile>
    <ClCompile Include="Classrecordreader.cpp">
      <Filter>Arquivos de Recurso</Filter>
    </ClCompile>
    <ClCompile Include="Classrecordwriter.cpp">
      <Filter>Arquivos de Recurso</Filter>
    </ClCompile>
  </ItemGroup>
  <ItemGroup>
    <Image Include="..\..\..\..\Pictures\lcslogo.ico">
      <Filter>Arquivos de Recurso</Filter>
    </Image>
  </ItemGroup>
  <ItemGroup>
    <ResourceCompile Include="..\AppIcon.rc">
      <Filter>Arquivos de Recurso</Filter>
    </ResourceCompile>
  </ItemGroup>
</Project>